
Microsoft Visual Studio Solution File, Format Version 12.00
# Visual Studio 14
VisualStudioVersion = 14.0.25420.1
MinimumVisualStudioVersion = 10.0.40219.1
Project("{2150E333-8FDC-42A3-9474-1A3956D46DE8}") = "src", "src", "{FCBA6367-7FA8-420B-B531-F0DACD7A6C71}"
EndProject
Project("{2150E333-8FDC-42A3-9474-1A3956D46DE8}") = "Solution Items", "Solution Items", "{8A6CACF3-BA4B-4AB1-8E94-987100561E36}"
	ProjectSection(SolutionItems) = preProject
		global.json = global.json
	EndProjectSection
EndProject
Project("{8BB2217D-0F2D-49D1-97BC-3654ED321F3B}") = "SchoolApp", "src\SchoolApp\SchoolApp.xproj", "{B0008593-9DD7-419B-A411-E047DCF4CAB2}"
EndProject
Project("{262852C6-CD72-467D-83FE-5EEB1973A190}") = "SchoolCordovaApp", "SchoolCordovaApp\SchoolCordovaApp.jsproj", "{2E2F595C-9B8F-4503-BD60-D44F586D9C4E}"
EndProject
Project("{8BB2217D-0F2D-49D1-97BC-3654ED321F3B}") = "SchoolApp.Business", "src\SchoolApp.Business\SchoolApp.Business.xproj", "{BADC814F-D883-40BC-B0B6-ACC3B81D0485}"
EndProject
Project("{8BB2217D-0F2D-49D1-97BC-3654ED321F3B}") = "SchoolApp.DataAccess", "src\SchoolApp.DataAccess\SchoolApp.DataAccess.xproj", "{10213D09-C45B-4462-BF1C-3C02D51D1627}"
EndProject
Project("{8BB2217D-0F2D-49D1-97BC-3654ED321F3B}") = "SchoolApp.Data", "src\SchoolApp.Data\SchoolApp.Data.xproj", "{D7FD3201-44DB-4AED-9F74-D4029652C1DA}"
EndProject
Project("{2150E333-8FDC-42A3-9474-1A3956D46DE8}") = "Common", "Common", "{81AD34F4-C37A-4790-8108-E45004AB624B}"
EndProject
Project("{2150E333-8FDC-42A3-9474-1A3956D46DE8}") = "App", "App", "{519C974F-C2E6-42CF-A955-380C2B46A246}"
EndProject
Project("{8BB2217D-0F2D-49D1-97BC-3654ED321F3B}") = "SchoolApp.Common", "SchoolApp.Common\SchoolApp.Common.xproj", "{46F06D9D-3F39-4F18-8A63-6561C75A9E97}"
EndProject
Project("{8BB2217D-0F2D-49D1-97BC-3654ED321F3B}") = "SchoolApp.Services", "Services\SchoolApp.Services\SchoolApp.Services.xproj", "{77ADE8AE-C6C4-462F-856D-3B85D8420CEC}"
EndProject
Project("{2150E333-8FDC-42A3-9474-1A3956D46DE8}") = "Services", "Services", "{A5A2AEE1-42C2-49DB-A751-14DC120BE111}"
EndProject
Project("{2150E333-8FDC-42A3-9474-1A3956D46DE8}") = "Business", "Business", "{3E8264D3-3061-4240-9CAC-FAEC86B60C38}"
EndProject
Project("{2150E333-8FDC-42A3-9474-1A3956D46DE8}") = "Data", "Data", "{D9AB32AC-DA44-49C2-9877-78C9724756B6}"
EndProject
Global
	GlobalSection(SolutionConfigurationPlatforms) = preSolution
		Debug|Android = Debug|Android
		Debug|Any CPU = Debug|Any CPU
		Debug|iOS = Debug|iOS
		Debug|Windows Phone (Universal) = Debug|Windows Phone (Universal)
		Debug|Windows Phone 8 = Debug|Windows Phone 8
		Debug|Windows-AnyCPU = Debug|Windows-AnyCPU
		Debug|Windows-ARM = Debug|Windows-ARM
		Debug|Windows-x64 = Debug|Windows-x64
		Debug|Windows-x86 = Debug|Windows-x86
		Release|Android = Release|Android
		Release|Any CPU = Release|Any CPU
		Release|iOS = Release|iOS
		Release|Windows Phone (Universal) = Release|Windows Phone (Universal)
		Release|Windows Phone 8 = Release|Windows Phone 8
		Release|Windows-AnyCPU = Release|Windows-AnyCPU
		Release|Windows-ARM = Release|Windows-ARM
		Release|Windows-x64 = Release|Windows-x64
		Release|Windows-x86 = Release|Windows-x86
	EndGlobalSection
	GlobalSection(ProjectConfigurationPlatforms) = postSolution
		{B0008593-9DD7-419B-A411-E047DCF4CAB2}.Debug|Android.ActiveCfg = Debug|Any CPU
		{B0008593-9DD7-419B-A411-E047DCF4CAB2}.Debug|Android.Build.0 = Debug|Any CPU
		{B0008593-9DD7-419B-A411-E047DCF4CAB2}.Debug|Any CPU.ActiveCfg = Debug|Any CPU
		{B0008593-9DD7-419B-A411-E047DCF4CAB2}.Debug|Any CPU.Build.0 = Debug|Any CPU
		{B0008593-9DD7-419B-A411-E047DCF4CAB2}.Debug|iOS.ActiveCfg = Debug|Any CPU
		{B0008593-9DD7-419B-A411-E047DCF4CAB2}.Debug|iOS.Build.0 = Debug|Any CPU
		{B0008593-9DD7-419B-A411-E047DCF4CAB2}.Debug|Windows Phone (Universal).ActiveCfg = Debug|Any CPU
		{B0008593-9DD7-419B-A411-E047DCF4CAB2}.Debug|Windows Phone (Universal).Build.0 = Debug|Any CPU
		{B0008593-9DD7-419B-A411-E047DCF4CAB2}.Debug|Windows Phone 8.ActiveCfg = Debug|Any CPU
		{B0008593-9DD7-419B-A411-E047DCF4CAB2}.Debug|Windows Phone 8.Build.0 = Debug|Any CPU
		{B0008593-9DD7-419B-A411-E047DCF4CAB2}.Debug|Windows-AnyCPU.ActiveCfg = Debug|Any CPU
		{B0008593-9DD7-419B-A411-E047DCF4CAB2}.Debug|Windows-AnyCPU.Build.0 = Debug|Any CPU
		{B0008593-9DD7-419B-A411-E047DCF4CAB2}.Debug|Windows-ARM.ActiveCfg = Debug|Any CPU
		{B0008593-9DD7-419B-A411-E047DCF4CAB2}.Debug|Windows-ARM.Build.0 = Debug|Any CPU
		{B0008593-9DD7-419B-A411-E047DCF4CAB2}.Debug|Windows-x64.ActiveCfg = Debug|Any CPU
		{B0008593-9DD7-419B-A411-E047DCF4CAB2}.Debug|Windows-x64.Build.0 = Debug|Any CPU
		{B0008593-9DD7-419B-A411-E047DCF4CAB2}.Debug|Windows-x86.ActiveCfg = Debug|Any CPU
		{B0008593-9DD7-419B-A411-E047DCF4CAB2}.Debug|Windows-x86.Build.0 = Debug|Any CPU
		{B0008593-9DD7-419B-A411-E047DCF4CAB2}.Release|Android.ActiveCfg = Release|Any CPU
		{B0008593-9DD7-419B-A411-E047DCF4CAB2}.Release|Android.Build.0 = Release|Any CPU
		{B0008593-9DD7-419B-A411-E047DCF4CAB2}.Release|Any CPU.ActiveCfg = Release|Any CPU
		{B0008593-9DD7-419B-A411-E047DCF4CAB2}.Release|Any CPU.Build.0 = Release|Any CPU
		{B0008593-9DD7-419B-A411-E047DCF4CAB2}.Release|iOS.ActiveCfg = Release|Any CPU
		{B0008593-9DD7-419B-A411-E047DCF4CAB2}.Release|iOS.Build.0 = Release|Any CPU
		{B0008593-9DD7-419B-A411-E047DCF4CAB2}.Release|Windows Phone (Universal).ActiveCfg = Release|Any CPU
		{B0008593-9DD7-419B-A411-E047DCF4CAB2}.Release|Windows Phone (Universal).Build.0 = Release|Any CPU
		{B0008593-9DD7-419B-A411-E047DCF4CAB2}.Release|Windows Phone 8.ActiveCfg = Release|Any CPU
		{B0008593-9DD7-419B-A411-E047DCF4CAB2}.Release|Windows Phone 8.Build.0 = Release|Any CPU
		{B0008593-9DD7-419B-A411-E047DCF4CAB2}.Release|Windows-AnyCPU.ActiveCfg = Release|Any CPU
		{B0008593-9DD7-419B-A411-E047DCF4CAB2}.Release|Windows-AnyCPU.Build.0 = Release|Any CPU
		{B0008593-9DD7-419B-A411-E047DCF4CAB2}.Release|Windows-ARM.ActiveCfg = Release|Any CPU
		{B0008593-9DD7-419B-A411-E047DCF4CAB2}.Release|Windows-ARM.Build.0 = Release|Any CPU
		{B0008593-9DD7-419B-A411-E047DCF4CAB2}.Release|Windows-x64.ActiveCfg = Release|Any CPU
		{B0008593-9DD7-419B-A411-E047DCF4CAB2}.Release|Windows-x64.Build.0 = Release|Any CPU
		{B0008593-9DD7-419B-A411-E047DCF4CAB2}.Release|Windows-x86.ActiveCfg = Release|Any CPU
		{B0008593-9DD7-419B-A411-E047DCF4CAB2}.Release|Windows-x86.Build.0 = Release|Any CPU
		{2E2F595C-9B8F-4503-BD60-D44F586D9C4E}.Debug|Android.ActiveCfg = Debug|Android
		{2E2F595C-9B8F-4503-BD60-D44F586D9C4E}.Debug|Android.Build.0 = Debug|Android
		{2E2F595C-9B8F-4503-BD60-D44F586D9C4E}.Debug|Android.Deploy.0 = Debug|Android
		{2E2F595C-9B8F-4503-BD60-D44F586D9C4E}.Debug|Any CPU.ActiveCfg = Debug|Android
		{2E2F595C-9B8F-4503-BD60-D44F586D9C4E}.Debug|iOS.ActiveCfg = Debug|iOS
		{2E2F595C-9B8F-4503-BD60-D44F586D9C4E}.Debug|iOS.Build.0 = Debug|iOS
		{2E2F595C-9B8F-4503-BD60-D44F586D9C4E}.Debug|iOS.Deploy.0 = Debug|iOS
		{2E2F595C-9B8F-4503-BD60-D44F586D9C4E}.Debug|Windows Phone (Universal).ActiveCfg = Debug|Windows Phone (Universal)
		{2E2F595C-9B8F-4503-BD60-D44F586D9C4E}.Debug|Windows Phone (Universal).Build.0 = Debug|Windows Phone (Universal)
		{2E2F595C-9B8F-4503-BD60-D44F586D9C4E}.Debug|Windows Phone (Universal).Deploy.0 = Debug|Windows Phone (Universal)
		{2E2F595C-9B8F-4503-BD60-D44F586D9C4E}.Debug|Windows Phone 8.ActiveCfg = Debug|Windows Phone 8
		{2E2F595C-9B8F-4503-BD60-D44F586D9C4E}.Debug|Windows Phone 8.Build.0 = Debug|Windows Phone 8
		{2E2F595C-9B8F-4503-BD60-D44F586D9C4E}.Debug|Windows Phone 8.Deploy.0 = Debug|Windows Phone 8
		{2E2F595C-9B8F-4503-BD60-D44F586D9C4E}.Debug|Windows-AnyCPU.ActiveCfg = Debug|Windows-AnyCPU
		{2E2F595C-9B8F-4503-BD60-D44F586D9C4E}.Debug|Windows-AnyCPU.Build.0 = Debug|Windows-AnyCPU
		{2E2F595C-9B8F-4503-BD60-D44F586D9C4E}.Debug|Windows-AnyCPU.Deploy.0 = Debug|Windows-AnyCPU
		{2E2F595C-9B8F-4503-BD60-D44F586D9C4E}.Debug|Windows-ARM.ActiveCfg = Debug|Windows-ARM
		{2E2F595C-9B8F-4503-BD60-D44F586D9C4E}.Debug|Windows-ARM.Build.0 = Debug|Windows-ARM
		{2E2F595C-9B8F-4503-BD60-D44F586D9C4E}.Debug|Windows-ARM.Deploy.0 = Debug|Windows-ARM
		{2E2F595C-9B8F-4503-BD60-D44F586D9C4E}.Debug|Windows-x64.ActiveCfg = Debug|Windows-x64
		{2E2F595C-9B8F-4503-BD60-D44F586D9C4E}.Debug|Windows-x64.Build.0 = Debug|Windows-x64
		{2E2F595C-9B8F-4503-BD60-D44F586D9C4E}.Debug|Windows-x64.Deploy.0 = Debug|Windows-x64
		{2E2F595C-9B8F-4503-BD60-D44F586D9C4E}.Debug|Windows-x86.ActiveCfg = Debug|Windows-x86
		{2E2F595C-9B8F-4503-BD60-D44F586D9C4E}.Debug|Windows-x86.Build.0 = Debug|Windows-x86
		{2E2F595C-9B8F-4503-BD60-D44F586D9C4E}.Debug|Windows-x86.Deploy.0 = Debug|Windows-x86
		{2E2F595C-9B8F-4503-BD60-D44F586D9C4E}.Release|Android.ActiveCfg = Release|Android
		{2E2F595C-9B8F-4503-BD60-D44F586D9C4E}.Release|Android.Build.0 = Release|Android
		{2E2F595C-9B8F-4503-BD60-D44F586D9C4E}.Release|Android.Deploy.0 = Release|Android
		{2E2F595C-9B8F-4503-BD60-D44F586D9C4E}.Release|Any CPU.ActiveCfg = Release|Android
		{2E2F595C-9B8F-4503-BD60-D44F586D9C4E}.Release|iOS.ActiveCfg = Release|iOS
		{2E2F595C-9B8F-4503-BD60-D44F586D9C4E}.Release|iOS.Build.0 = Release|iOS
		{2E2F595C-9B8F-4503-BD60-D44F586D9C4E}.Release|iOS.Deploy.0 = Release|iOS
		{2E2F595C-9B8F-4503-BD60-D44F586D9C4E}.Release|Windows Phone (Universal).ActiveCfg = Release|Windows Phone (Universal)
		{2E2F595C-9B8F-4503-BD60-D44F586D9C4E}.Release|Windows Phone (Universal).Build.0 = Release|Windows Phone (Universal)
		{2E2F595C-9B8F-4503-BD60-D44F586D9C4E}.Release|Windows Phone (Universal).Deploy.0 = Release|Windows Phone (Universal)
		{2E2F595C-9B8F-4503-BD60-D44F586D9C4E}.Release|Windows Phone 8.ActiveCfg = Release|Windows Phone 8
		{2E2F595C-9B8F-4503-BD60-D44F586D9C4E}.Release|Windows Phone 8.Build.0 = Release|Windows Phone 8
		{2E2F595C-9B8F-4503-BD60-D44F586D9C4E}.Release|Windows Phone 8.Deploy.0 = Release|Windows Phone 8
		{2E2F595C-9B8F-4503-BD60-D44F586D9C4E}.Release|Windows-AnyCPU.ActiveCfg = Release|Windows-AnyCPU
		{2E2F595C-9B8F-4503-BD60-D44F586D9C4E}.Release|Windows-AnyCPU.Build.0 = Release|Windows-AnyCPU
		{2E2F595C-9B8F-4503-BD60-D44F586D9C4E}.Release|Windows-AnyCPU.Deploy.0 = Release|Windows-AnyCPU
		{2E2F595C-9B8F-4503-BD60-D44F586D9C4E}.Release|Windows-ARM.ActiveCfg = Release|Windows-ARM
		{2E2F595C-9B8F-4503-BD60-D44F586D9C4E}.Release|Windows-ARM.Build.0 = Release|Windows-ARM
		{2E2F595C-9B8F-4503-BD60-D44F586D9C4E}.Release|Windows-ARM.Deploy.0 = Release|Windows-ARM
		{2E2F595C-9B8F-4503-BD60-D44F586D9C4E}.Release|Windows-x64.ActiveCfg = Release|Windows-x64
		{2E2F595C-9B8F-4503-BD60-D44F586D9C4E}.Release|Windows-x64.Build.0 = Release|Windows-x64
		{2E2F595C-9B8F-4503-BD60-D44F586D9C4E}.Release|Windows-x64.Deploy.0 = Release|Windows-x64
		{2E2F595C-9B8F-4503-BD60-D44F586D9C4E}.Release|Windows-x86.ActiveCfg = Release|Windows-x86
		{2E2F595C-9B8F-4503-BD60-D44F586D9C4E}.Release|Windows-x86.Build.0 = Release|Windows-x86
		{2E2F595C-9B8F-4503-BD60-D44F586D9C4E}.Release|Windows-x86.Deploy.0 = Release|Windows-x86
		{BADC814F-D883-40BC-B0B6-ACC3B81D0485}.Debug|Android.ActiveCfg = Debug|Any CPU
		{BADC814F-D883-40BC-B0B6-ACC3B81D0485}.Debug|Android.Build.0 = Debug|Any CPU
		{BADC814F-D883-40BC-B0B6-ACC3B81D0485}.Debug|Any CPU.ActiveCfg = Debug|Any CPU
		{BADC814F-D883-40BC-B0B6-ACC3B81D0485}.Debug|Any CPU.Build.0 = Debug|Any CPU
		{BADC814F-D883-40BC-B0B6-ACC3B81D0485}.Debug|iOS.ActiveCfg = Debug|Any CPU
		{BADC814F-D883-40BC-B0B6-ACC3B81D0485}.Debug|iOS.Build.0 = Debug|Any CPU
		{BADC814F-D883-40BC-B0B6-ACC3B81D0485}.Debug|Windows Phone (Universal).ActiveCfg = Debug|Any CPU
		{BADC814F-D883-40BC-B0B6-ACC3B81D0485}.Debug|Windows Phone (Universal).Build.0 = Debug|Any CPU
		{BADC814F-D883-40BC-B0B6-ACC3B81D0485}.Debug|Windows Phone 8.ActiveCfg = Debug|Any CPU
		{BADC814F-D883-40BC-B0B6-ACC3B81D0485}.Debug|Windows Phone 8.Build.0 = Debug|Any CPU
		{BADC814F-D883-40BC-B0B6-ACC3B81D0485}.Debug|Windows-AnyCPU.ActiveCfg = Debug|Any CPU
		{BADC814F-D883-40BC-B0B6-ACC3B81D0485}.Debug|Windows-AnyCPU.Build.0 = Debug|Any CPU
		{BADC814F-D883-40BC-B0B6-ACC3B81D0485}.Debug|Windows-ARM.ActiveCfg = Debug|Any CPU
		{BADC814F-D883-40BC-B0B6-ACC3B81D0485}.Debug|Windows-ARM.Build.0 = Debug|Any CPU
		{BADC814F-D883-40BC-B0B6-ACC3B81D0485}.Debug|Windows-x64.ActiveCfg = Debug|Any CPU
		{BADC814F-D883-40BC-B0B6-ACC3B81D0485}.Debug|Windows-x64.Build.0 = Debug|Any CPU
		{BADC814F-D883-40BC-B0B6-ACC3B81D0485}.Debug|Windows-x86.ActiveCfg = Debug|Any CPU
		{BADC814F-D883-40BC-B0B6-ACC3B81D0485}.Debug|Windows-x86.Build.0 = Debug|Any CPU
		{BADC814F-D883-40BC-B0B6-ACC3B81D0485}.Release|Android.ActiveCfg = Release|Any CPU
		{BADC814F-D883-40BC-B0B6-ACC3B81D0485}.Release|Android.Build.0 = Release|Any CPU
		{BADC814F-D883-40BC-B0B6-ACC3B81D0485}.Release|Any CPU.ActiveCfg = Release|Any CPU
		{BADC814F-D883-40BC-B0B6-ACC3B81D0485}.Release|Any CPU.Build.0 = Release|Any CPU
		{BADC814F-D883-40BC-B0B6-ACC3B81D0485}.Release|iOS.ActiveCfg = Release|Any CPU
		{BADC814F-D883-40BC-B0B6-ACC3B81D0485}.Release|iOS.Build.0 = Release|Any CPU
		{BADC814F-D883-40BC-B0B6-ACC3B81D0485}.Release|Windows Phone (Universal).ActiveCfg = Release|Any CPU
		{BADC814F-D883-40BC-B0B6-ACC3B81D0485}.Release|Windows Phone (Universal).Build.0 = Release|Any CPU
		{BADC814F-D883-40BC-B0B6-ACC3B81D0485}.Release|Windows Phone 8.ActiveCfg = Release|Any CPU
		{BADC814F-D883-40BC-B0B6-ACC3B81D0485}.Release|Windows Phone 8.Build.0 = Release|Any CPU
		{BADC814F-D883-40BC-B0B6-ACC3B81D0485}.Release|Windows-AnyCPU.ActiveCfg = Release|Any CPU
		{BADC814F-D883-40BC-B0B6-ACC3B81D0485}.Release|Windows-AnyCPU.Build.0 = Release|Any CPU
		{BADC814F-D883-40BC-B0B6-ACC3B81D0485}.Release|Windows-ARM.ActiveCfg = Release|Any CPU
		{BADC814F-D883-40BC-B0B6-ACC3B81D0485}.Release|Windows-ARM.Build.0 = Release|Any CPU
		{BADC814F-D883-40BC-B0B6-ACC3B81D0485}.Release|Windows-x64.ActiveCfg = Release|Any CPU
		{BADC814F-D883-40BC-B0B6-ACC3B81D0485}.Release|Windows-x64.Build.0 = Release|Any CPU
		{BADC814F-D883-40BC-B0B6-ACC3B81D0485}.Release|Windows-x86.ActiveCfg = Release|Any CPU
		{BADC814F-D883-40BC-B0B6-ACC3B81D0485}.Release|Windows-x86.Build.0 = Release|Any CPU
		{10213D09-C45B-4462-BF1C-3C02D51D1627}.Debug|Android.ActiveCfg = Debug|Any CPU
		{10213D09-C45B-4462-BF1C-3C02D51D1627}.Debug|Android.Build.0 = Debug|Any CPU
		{10213D09-C45B-4462-BF1C-3C02D51D1627}.Debug|Any CPU.ActiveCfg = Debug|Any CPU
		{10213D09-C45B-4462-BF1C-3C02D51D1627}.Debug|Any CPU.Build.0 = Debug|Any CPU
		{10213D09-C45B-4462-BF1C-3C02D51D1627}.Debug|iOS.ActiveCfg = Debug|Any CPU
		{10213D09-C45B-4462-BF1C-3C02D51D1627}.Debug|iOS.Build.0 = Debug|Any CPU
		{10213D09-C45B-4462-BF1C-3C02D51D1627}.Debug|Windows Phone (Universal).ActiveCfg = Debug|Any CPU
		{10213D09-C45B-4462-BF1C-3C02D51D1627}.Debug|Windows Phone (Universal).Build.0 = Debug|Any CPU
		{10213D09-C45B-4462-BF1C-3C02D51D1627}.Debug|Windows Phone 8.ActiveCfg = Debug|Any CPU
		{10213D09-C45B-4462-BF1C-3C02D51D1627}.Debug|Windows Phone 8.Build.0 = Debug|Any CPU
		{10213D09-C45B-4462-BF1C-3C02D51D1627}.Debug|Windows-AnyCPU.ActiveCfg = Debug|Any CPU
		{10213D09-C45B-4462-BF1C-3C02D51D1627}.Debug|Windows-AnyCPU.Build.0 = Debug|Any CPU
		{10213D09-C45B-4462-BF1C-3C02D51D1627}.Debug|Windows-ARM.ActiveCfg = Debug|Any CPU
		{10213D09-C45B-4462-BF1C-3C02D51D1627}.Debug|Windows-ARM.Build.0 = Debug|Any CPU
		{10213D09-C45B-4462-BF1C-3C02D51D1627}.Debug|Windows-x64.ActiveCfg = Debug|Any CPU
		{10213D09-C45B-4462-BF1C-3C02D51D1627}.Debug|Windows-x64.Build.0 = Debug|Any CPU
		{10213D09-C45B-4462-BF1C-3C02D51D1627}.Debug|Windows-x86.ActiveCfg = Debug|Any CPU
		{10213D09-C45B-4462-BF1C-3C02D51D1627}.Debug|Windows-x86.Build.0 = Debug|Any CPU
		{10213D09-C45B-4462-BF1C-3C02D51D1627}.Release|Android.ActiveCfg = Release|Any CPU
		{10213D09-C45B-4462-BF1C-3C02D51D1627}.Release|Android.Build.0 = Release|Any CPU
		{10213D09-C45B-4462-BF1C-3C02D51D1627}.Release|Any CPU.ActiveCfg = Release|Any CPU
		{10213D09-C45B-4462-BF1C-3C02D51D1627}.Release|Any CPU.Build.0 = Release|Any CPU
		{10213D09-C45B-4462-BF1C-3C02D51D1627}.Release|iOS.ActiveCfg = Release|Any CPU
		{10213D09-C45B-4462-BF1C-3C02D51D1627}.Release|iOS.Build.0 = Release|Any CPU
		{10213D09-C45B-4462-BF1C-3C02D51D1627}.Release|Windows Phone (Universal).ActiveCfg = Release|Any CPU
		{10213D09-C45B-4462-BF1C-3C02D51D1627}.Release|Windows Phone (Universal).Build.0 = Release|Any CPU
		{10213D09-C45B-4462-BF1C-3C02D51D1627}.Release|Windows Phone 8.ActiveCfg = Release|Any CPU
		{10213D09-C45B-4462-BF1C-3C02D51D1627}.Release|Windows Phone 8.Build.0 = Release|Any CPU
		{10213D09-C45B-4462-BF1C-3C02D51D1627}.Release|Windows-AnyCPU.ActiveCfg = Release|Any CPU
		{10213D09-C45B-4462-BF1C-3C02D51D1627}.Release|Windows-AnyCPU.Build.0 = Release|Any CPU
		{10213D09-C45B-4462-BF1C-3C02D51D1627}.Release|Windows-ARM.ActiveCfg = Release|Any CPU
		{10213D09-C45B-4462-BF1C-3C02D51D1627}.Release|Windows-ARM.Build.0 = Release|Any CPU
		{10213D09-C45B-4462-BF1C-3C02D51D1627}.Release|Windows-x64.ActiveCfg = Release|Any CPU
		{10213D09-C45B-4462-BF1C-3C02D51D1627}.Release|Windows-x64.Build.0 = Release|Any CPU
		{10213D09-C45B-4462-BF1C-3C02D51D1627}.Release|Windows-x86.ActiveCfg = Release|Any CPU
		{10213D09-C45B-4462-BF1C-3C02D51D1627}.Release|Windows-x86.Build.0 = Release|Any CPU
		{D7FD3201-44DB-4AED-9F74-D4029652C1DA}.Debug|Android.ActiveCfg = Debug|Any CPU
		{D7FD3201-44DB-4AED-9F74-D4029652C1DA}.Debug|Android.Build.0 = Debug|Any CPU
		{D7FD3201-44DB-4AED-9F74-D4029652C1DA}.Debug|Any CPU.ActiveCfg = Debug|Any CPU
		{D7FD3201-44DB-4AED-9F74-D4029652C1DA}.Debug|Any CPU.Build.0 = Debug|Any CPU
		{D7FD3201-44DB-4AED-9F74-D4029652C1DA}.Debug|iOS.ActiveCfg = Debug|Any CPU
		{D7FD3201-44DB-4AED-9F74-D4029652C1DA}.Debug|iOS.Build.0 = Debug|Any CPU
		{D7FD3201-44DB-4AED-9F74-D4029652C1DA}.Debug|Windows Phone (Universal).ActiveCfg = Debug|Any CPU
		{D7FD3201-44DB-4AED-9F74-D4029652C1DA}.Debug|Windows Phone (Universal).Build.0 = Debug|Any CPU
		{D7FD3201-44DB-4AED-9F74-D4029652C1DA}.Debug|Windows Phone 8.ActiveCfg = Debug|Any CPU
		{D7FD3201-44DB-4AED-9F74-D4029652C1DA}.Debug|Windows Phone 8.Build.0 = Debug|Any CPU
		{D7FD3201-44DB-4AED-9F74-D4029652C1DA}.Debug|Windows-AnyCPU.ActiveCfg = Debug|Any CPU
		{D7FD3201-44DB-4AED-9F74-D4029652C1DA}.Debug|Windows-AnyCPU.Build.0 = Debug|Any CPU
		{D7FD3201-44DB-4AED-9F74-D4029652C1DA}.Debug|Windows-ARM.ActiveCfg = Debug|Any CPU
		{D7FD3201-44DB-4AED-9F74-D4029652C1DA}.Debug|Windows-ARM.Build.0 = Debug|Any CPU
		{D7FD3201-44DB-4AED-9F74-D4029652C1DA}.Debug|Windows-x64.ActiveCfg = Debug|Any CPU
		{D7FD3201-44DB-4AED-9F74-D4029652C1DA}.Debug|Windows-x64.Build.0 = Debug|Any CPU
		{D7FD3201-44DB-4AED-9F74-D4029652C1DA}.Debug|Windows-x86.ActiveCfg = Debug|Any CPU
		{D7FD3201-44DB-4AED-9F74-D4029652C1DA}.Debug|Windows-x86.Build.0 = Debug|Any CPU
		{D7FD3201-44DB-4AED-9F74-D4029652C1DA}.Release|Android.ActiveCfg = Release|Any CPU
		{D7FD3201-44DB-4AED-9F74-D4029652C1DA}.Release|Android.Build.0 = Release|Any CPU
		{D7FD3201-44DB-4AED-9F74-D4029652C1DA}.Release|Any CPU.ActiveCfg = Release|Any CPU
		{D7FD3201-44DB-4AED-9F74-D4029652C1DA}.Release|Any CPU.Build.0 = Release|Any CPU
		{D7FD3201-44DB-4AED-9F74-D4029652C1DA}.Release|iOS.ActiveCfg = Release|Any CPU
		{D7FD3201-44DB-4AED-9F74-D4029652C1DA}.Release|iOS.Build.0 = Release|Any CPU
		{D7FD3201-44DB-4AED-9F74-D4029652C1DA}.Release|Windows Phone (Universal).ActiveCfg = Release|Any CPU
		{D7FD3201-44DB-4AED-9F74-D4029652C1DA}.Release|Windows Phone (Universal).Build.0 = Release|Any CPU
		{D7FD3201-44DB-4AED-9F74-D4029652C1DA}.Release|Windows Phone 8.ActiveCfg = Release|Any CPU
		{D7FD3201-44DB-4AED-9F74-D4029652C1DA}.Release|Windows Phone 8.Build.0 = Release|Any CPU
		{D7FD3201-44DB-4AED-9F74-D4029652C1DA}.Release|Windows-AnyCPU.ActiveCfg = Release|Any CPU
		{D7FD3201-44DB-4AED-9F74-D4029652C1DA}.Release|Windows-AnyCPU.Build.0 = Release|Any CPU
		{D7FD3201-44DB-4AED-9F74-D4029652C1DA}.Release|Windows-ARM.ActiveCfg = Release|Any CPU
		{D7FD3201-44DB-4AED-9F74-D4029652C1DA}.Release|Windows-ARM.Build.0 = Release|Any CPU
		{D7FD3201-44DB-4AED-9F74-D4029652C1DA}.Release|Windows-x64.ActiveCfg = Release|Any CPU
		{D7FD3201-44DB-4AED-9F74-D4029652C1DA}.Release|Windows-x64.Build.0 = Release|Any CPU
		{D7FD3201-44DB-4AED-9F74-D4029652C1DA}.Release|Windows-x86.ActiveCfg = Release|Any CPU
		{D7FD3201-44DB-4AED-9F74-D4029652C1DA}.Release|Windows-x86.Build.0 = Release|Any CPU
		{46F06D9D-3F39-4F18-8A63-6561C75A9E97}.Debug|Android.ActiveCfg = Debug|Any CPU
		{46F06D9D-3F39-4F18-8A63-6561C75A9E97}.Debug|Android.Build.0 = Debug|Any CPU
		{46F06D9D-3F39-4F18-8A63-6561C75A9E97}.Debug|Any CPU.ActiveCfg = Debug|Any CPU
		{46F06D9D-3F39-4F18-8A63-6561C75A9E97}.Debug|Any CPU.Build.0 = Debug|Any CPU
		{46F06D9D-3F39-4F18-8A63-6561C75A9E97}.Debug|iOS.ActiveCfg = Debug|Any CPU
		{46F06D9D-3F39-4F18-8A63-6561C75A9E97}.Debug|iOS.Build.0 = Debug|Any CPU
		{46F06D9D-3F39-4F18-8A63-6561C75A9E97}.Debug|Windows Phone (Universal).ActiveCfg = Debug|Any CPU
		{46F06D9D-3F39-4F18-8A63-6561C75A9E97}.Debug|Windows Phone (Universal).Build.0 = Debug|Any CPU
		{46F06D9D-3F39-4F18-8A63-6561C75A9E97}.Debug|Windows Phone 8.ActiveCfg = Debug|Any CPU
		{46F06D9D-3F39-4F18-8A63-6561C75A9E97}.Debug|Windows Phone 8.Build.0 = Debug|Any CPU
		{46F06D9D-3F39-4F18-8A63-6561C75A9E97}.Debug|Windows-AnyCPU.ActiveCfg = Debug|Any CPU
		{46F06D9D-3F39-4F18-8A63-6561C75A9E97}.Debug|Windows-AnyCPU.Build.0 = Debug|Any CPU
		{46F06D9D-3F39-4F18-8A63-6561C75A9E97}.Debug|Windows-ARM.ActiveCfg = Debug|Any CPU
		{46F06D9D-3F39-4F18-8A63-6561C75A9E97}.Debug|Windows-ARM.Build.0 = Debug|Any CPU
		{46F06D9D-3F39-4F18-8A63-6561C75A9E97}.Debug|Windows-x64.ActiveCfg = Debug|Any CPU
		{46F06D9D-3F39-4F18-8A63-6561C75A9E97}.Debug|Windows-x64.Build.0 = Debug|Any CPU
		{46F06D9D-3F39-4F18-8A63-6561C75A9E97}.Debug|Windows-x86.ActiveCfg = Debug|Any CPU
		{46F06D9D-3F39-4F18-8A63-6561C75A9E97}.Debug|Windows-x86.Build.0 = Debug|Any CPU
		{46F06D9D-3F39-4F18-8A63-6561C75A9E97}.Release|Android.ActiveCfg = Release|Any CPU
		{46F06D9D-3F39-4F18-8A63-6561C75A9E97}.Release|Android.Build.0 = Release|Any CPU
		{46F06D9D-3F39-4F18-8A63-6561C75A9E97}.Release|Any CPU.ActiveCfg = Release|Any CPU
		{46F06D9D-3F39-4F18-8A63-6561C75A9E97}.Release|Any CPU.Build.0 = Release|Any CPU
		{46F06D9D-3F39-4F18-8A63-6561C75A9E97}.Release|iOS.ActiveCfg = Release|Any CPU
		{46F06D9D-3F39-4F18-8A63-6561C75A9E97}.Release|iOS.Build.0 = Release|Any CPU
		{46F06D9D-3F39-4F18-8A63-6561C75A9E97}.Release|Windows Phone (Universal).ActiveCfg = Release|Any CPU
		{46F06D9D-3F39-4F18-8A63-6561C75A9E97}.Release|Windows Phone (Universal).Build.0 = Release|Any CPU
		{46F06D9D-3F39-4F18-8A63-6561C75A9E97}.Release|Windows Phone 8.ActiveCfg = Release|Any CPU
		{46F06D9D-3F39-4F18-8A63-6561C75A9E97}.Release|Windows Phone 8.Build.0 = Release|Any CPU
		{46F06D9D-3F39-4F18-8A63-6561C75A9E97}.Release|Windows-AnyCPU.ActiveCfg = Release|Any CPU
		{46F06D9D-3F39-4F18-8A63-6561C75A9E97}.Release|Windows-AnyCPU.Build.0 = Release|Any CPU
		{46F06D9D-3F39-4F18-8A63-6561C75A9E97}.Release|Windows-ARM.ActiveCfg = Release|Any CPU
		{46F06D9D-3F39-4F18-8A63-6561C75A9E97}.Release|Windows-ARM.Build.0 = Release|Any CPU
		{46F06D9D-3F39-4F18-8A63-6561C75A9E97}.Release|Windows-x64.ActiveCfg = Release|Any CPU
		{46F06D9D-3F39-4F18-8A63-6561C75A9E97}.Release|Windows-x64.Build.0 = Release|Any CPU
		{46F06D9D-3F39-4F18-8A63-6561C75A9E97}.Release|Windows-x86.ActiveCfg = Release|Any CPU
		{46F06D9D-3F39-4F18-8A63-6561C75A9E97}.Release|Windows-x86.Build.0 = Release|Any CPU
		{77ADE8AE-C6C4-462F-856D-3B85D8420CEC}.Debug|Android.ActiveCfg = Debug|Any CPU
		{77ADE8AE-C6C4-462F-856D-3B85D8420CEC}.Debug|Android.Build.0 = Debug|Any CPU
		{77ADE8AE-C6C4-462F-856D-3B85D8420CEC}.Debug|Any CPU.ActiveCfg = Debug|Any CPU
		{77ADE8AE-C6C4-462F-856D-3B85D8420CEC}.Debug|Any CPU.Build.0 = Debug|Any CPU
		{77ADE8AE-C6C4-462F-856D-3B85D8420CEC}.Debug|iOS.ActiveCfg = Debug|Any CPU
		{77ADE8AE-C6C4-462F-856D-3B85D8420CEC}.Debug|iOS.Build.0 = Debug|Any CPU
		{77ADE8AE-C6C4-462F-856D-3B85D8420CEC}.Debug|Windows Phone (Universal).ActiveCfg = Debug|Any CPU
		{77ADE8AE-C6C4-462F-856D-3B85D8420CEC}.Debug|Windows Phone (Universal).Build.0 = Debug|Any CPU
		{77ADE8AE-C6C4-462F-856D-3B85D8420CEC}.Debug|Windows Phone 8.ActiveCfg = Debug|Any CPU
		{77ADE8AE-C6C4-462F-856D-3B85D8420CEC}.Debug|Windows Phone 8.Build.0 = Debug|Any CPU
		{77ADE8AE-C6C4-462F-856D-3B85D8420CEC}.Debug|Windows-AnyCPU.ActiveCfg = Debug|Any CPU
		{77ADE8AE-C6C4-462F-856D-3B85D8420CEC}.Debug|Windows-AnyCPU.Build.0 = Debug|Any CPU
		{77ADE8AE-C6C4-462F-856D-3B85D8420CEC}.Debug|Windows-ARM.ActiveCfg = Debug|Any CPU
		{77ADE8AE-C6C4-462F-856D-3B85D8420CEC}.Debug|Windows-ARM.Build.0 = Debug|Any CPU
		{77ADE8AE-C6C4-462F-856D-3B85D8420CEC}.Debug|Windows-x64.ActiveCfg = Debug|Any CPU
		{77ADE8AE-C6C4-462F-856D-3B85D8420CEC}.Debug|Windows-x64.Build.0 = Debug|Any CPU
		{77ADE8AE-C6C4-462F-856D-3B85D8420CEC}.Debug|Windows-x86.ActiveCfg = Debug|Any CPU
		{77ADE8AE-C6C4-462F-856D-3B85D8420CEC}.Debug|Windows-x86.Build.0 = Debug|Any CPU
		{77ADE8AE-C6C4-462F-856D-3B85D8420CEC}.Release|Android.ActiveCfg = Release|Any CPU
		{77ADE8AE-C6C4-462F-856D-3B85D8420CEC}.Release|Android.Build.0 = Release|Any CPU
		{77ADE8AE-C6C4-462F-856D-3B85D8420CEC}.Release|Any CPU.ActiveCfg = Release|Any CPU
		{77ADE8AE-C6C4-462F-856D-3B85D8420CEC}.Release|Any CPU.Build.0 = Release|Any CPU
		{77ADE8AE-C6C4-462F-856D-3B85D8420CEC}.Release|iOS.ActiveCfg = Release|Any CPU
		{77ADE8AE-C6C4-462F-856D-3B85D8420CEC}.Release|iOS.Build.0 = Release|Any CPU
		{77ADE8AE-C6C4-462F-856D-3B85D8420CEC}.Release|Windows Phone (Universal).ActiveCfg = Release|Any CPU
		{77ADE8AE-C6C4-462F-856D-3B85D8420CEC}.Release|Windows Phone (Universal).Build.0 = Release|Any CPU
		{77ADE8AE-C6C4-462F-856D-3B85D8420CEC}.Release|Windows Phone 8.ActiveCfg = Release|Any CPU
		{77ADE8AE-C6C4-462F-856D-3B85D8420CEC}.Release|Windows Phone 8.Build.0 = Release|Any CPU
		{77ADE8AE-C6C4-462F-856D-3B85D8420CEC}.Release|Windows-AnyCPU.ActiveCfg = Release|Any CPU
		{77ADE8AE-C6C4-462F-856D-3B85D8420CEC}.Release|Windows-AnyCPU.Build.0 = Release|Any CPU
		{77ADE8AE-C6C4-462F-856D-3B85D8420CEC}.Release|Windows-ARM.ActiveCfg = Release|Any CPU
		{77ADE8AE-C6C4-462F-856D-3B85D8420CEC}.Release|Windows-ARM.Build.0 = Release|Any CPU
		{77ADE8AE-C6C4-462F-856D-3B85D8420CEC}.Release|Windows-x64.ActiveCfg = Release|Any CPU
		{77ADE8AE-C6C4-462F-856D-3B85D8420CEC}.Release|Windows-x64.Build.0 = Release|Any CPU
		{77ADE8AE-C6C4-462F-856D-3B85D8420CEC}.Release|Windows-x86.ActiveCfg = Release|Any CPU
		{77ADE8AE-C6C4-462F-856D-3B85D8420CEC}.Release|Windows-x86.Build.0 = Release|Any CPU
	EndGlobalSection
	GlobalSection(SolutionProperties) = preSolution
		HideSolutionNode = FALSE
	EndGlobalSection
	GlobalSection(NestedProjects) = preSolution
		{B0008593-9DD7-419B-A411-E047DCF4CAB2} = {519C974F-C2E6-42CF-A955-380C2B46A246}
		{2E2F595C-9B8F-4503-BD60-D44F586D9C4E} = {519C974F-C2E6-42CF-A955-380C2B46A246}
		{BADC814F-D883-40BC-B0B6-ACC3B81D0485} = {3E8264D3-3061-4240-9CAC-FAEC86B60C38}
		{10213D09-C45B-4462-BF1C-3C02D51D1627} = {D9AB32AC-DA44-49C2-9877-78C9724756B6}
		{D7FD3201-44DB-4AED-9F74-D4029652C1DA} = {D9AB32AC-DA44-49C2-9877-78C9724756B6}
		{81AD34F4-C37A-4790-8108-E45004AB624B} = {FCBA6367-7FA8-420B-B531-F0DACD7A6C71}
		{519C974F-C2E6-42CF-A955-380C2B46A246} = {FCBA6367-7FA8-420B-B531-F0DACD7A6C71}
		{46F06D9D-3F39-4F18-8A63-6561C75A9E97} = {81AD34F4-C37A-4790-8108-E45004AB624B}
		{77ADE8AE-C6C4-462F-856D-3B85D8420CEC} = {A5A2AEE1-42C2-49DB-A751-14DC120BE111}
		{A5A2AEE1-42C2-49DB-A751-14DC120BE111} = {FCBA6367-7FA8-420B-B531-F0DACD7A6C71}
		{3E8264D3-3061-4240-9CAC-FAEC86B60C38} = {FCBA6367-7FA8-420B-B531-F0DACD7A6C71}
		{D9AB32AC-DA44-49C2-9877-78C9724756B6} = {FCBA6367-7FA8-420B-B531-F0DACD7A6C71}
	EndGlobalSection
EndGlobal
